# Run ./gradlew --write-locks to regenerate this file
net.bytebuddy:byte-buddy:1.12.21 (1 constraints: 7d0bbfea)
org.assertj:assertj-core:3.24.2 (1 constraints: 3d05473b)

[Test dependencies]
com.google.code.findbugs:jsr305:3.0.2 (2 constraints: 5117f460)
com.google.errorprone:error_prone_annotations:2.24.0 (2 constraints: b5179e8a)
com.google.guava:failureaccess:1.0.2 (1 constraints: 150ae2b4)
com.google.guava:guava:33.0.0-jre (1 constraints: da0ef568)
com.google.guava:guava-testlib:33.0.0-jre (1 constraints: a6065d53)
com.google.guava:listenablefuture:9999.0-empty-to-avoid-conflict-with-guava (1 constraints: bd17c918)
com.google.j2objc:j2objc-annotations:2.8 (1 constraints: e20c5108)
junit:junit:4.13.2 (1 constraints: 700d0e30)
org.checkerframework:checker-qual:3.41.0 (2 constraints: b717d68a)
org.hamcrest:hamcrest-core:1.3 (1 constraints: cc05fe3f)
org.junit:junit-bom:5.10.1 (4 constraints: 2b447c82)
org.junit.jupiter:junit-jupiter-api:5.10.1 (3 constraints: 4c1f79ec)
org.junit.jupiter:junit-jupiter-engine:5.10.1 (2 constraints: 760e5f71)
org.junit.platform:junit-platform-commons:1.10.1 (3 constraints: 662a4e8e)
org.junit.platform:junit-platform-engine:1.10.1 (2 constraints: 0c1a601e)
org.opentest4j:opentest4j:1.3.0 (2 constraints: cf209249)
